{
  "name": "ppo",
  "lockfileVersion": 3,
  "requires": true,
  "packages": {
    "": {
      "dependencies": {
        "pocketbase": "^0.11.1"
      }
    },
    "node_modules/pocketbase": {
      "version": "0.11.1",
      "resolved": "https://registry.npmjs.org/pocketbase/-/pocketbase-0.11.1.tgz",
      "integrity": "sha512-4DeKvS3Yqd8zx4/sHQhalACK5fl2/UfzBTLvCFVrTNBqXpy1epmOaXEiUjHNoZYLFw1IMeksRRaWZR8akARwOQ=="
    }
  }
}
